// !$*UTF8*$!
{
	archiveVersion = 1;
	classes = {
	};
	objectVersion = 77;
	objects = {

/* Begin PBXBuildFile section */
		0737929935E4EC13F94B41E0 /* AppFit Watch.app in Embed Watch Content */ = {isa = PBXBuildFile; fileRef = 07350731FBFAFA4DDBBCDDC0 /* AppFit Watch.app */; settings = {ATTRIBUTES = (RemoveHeadersOnCopy, ); }; };
		1092163F029D5232C88190B0 /* ChamaFitWatchWidgets.appex in Embed Foundation Extensions */ = {isa = PBXBuildFile; fileRef = 7E3A07DD4CAE3F4F01D62C71 /* ChamaFitWatchWidgets.appex */; settings = {ATTRIBUTES = (RemoveHeadersOnCopy, ); }; };
		12419794A4F956742A3E9189 /* TodaySummary.swift in Sources */ = {isa = PBXBuildFile; fileRef = 43DEE2203B6080FA0954AB99 /* TodaySummary.swift */; };
		24E0944FDB6541C1307472CF /* ChamaFitWidgets.appex in Embed Foundation Extensions */ = {isa = PBXBuildFile; fileRef = 02D8E103F213F58583ACFD95 /* ChamaFitWidgets.appex */; settings = {ATTRIBUTES = (RemoveHeadersOnCopy, ); }; };
		25F627ADC9141BE05758DD8A /* RestLiveActivity.swift in Sources */ = {isa = PBXBuildFile; fileRef = 1B5056444605F415CCD99EEA /* RestLiveActivity.swift */; };
		2C4905799931F359F2190100 /* Assets.xcassets in Resources */ = {isa = PBXBuildFile; fileRef = 7FB05CE264A60C7E08561938 /* Assets.xcassets */; };
		2FD021769EEB6D1589428888 /* TodaySummary.swift in Sources */ = {isa = PBXBuildFile; fileRef = 43DEE2203B6080FA0954AB99 /* TodaySummary.swift */; };
		3EB026936A728AC1D8830B72 /* ChamaFitWidgetsBundle.swift in Sources */ = {isa = PBXBuildFile; fileRef = 84ACAFD3525062678BC54AA1 /* ChamaFitWidgetsBundle.swift */; };
		47734AD5D3B0E75128EE7AE4 /* Foundation.framework in Frameworks */ = {isa = PBXBuildFile; fileRef = 07B0E053139FD794AC3B3522 /* Foundation.framework */; };
		4960395ECB688CB88421E55B /* ChamaFitIntents.swift in Sources */ = {isa = PBXBuildFile; fileRef = F6D420DB41FD213E553E633F /* ChamaFitIntents.swift */; };
		64A6FE4B9AE9FEA3A02BC8C7 /* WatchComplicationState.swift in Sources */ = {isa = PBXBuildFile; fileRef = 01BEA75ADA1A343099FC6A2E /* WatchComplicationState.swift */; };
		679FAB50BC638A7D0495ED97 /* AppFitWatchApp.swift in Sources */ = {isa = PBXBuildFile; fileRef = 8AF9485A702E246BF7E5135B /* AppFitWatchApp.swift */; };
		69D69BA5068F58BD0403CC52 /* TodayWidget.swift in Sources */ = {isa = PBXBuildFile; fileRef = 8AF4D7E87C58CD5CBB835AF6 /* TodayWidget.swift */; };
		855588D7A7FCAD172332AADA /* RestActivity.swift in Sources */ = {isa = PBXBuildFile; fileRef = 009C7D8848F4D553FFDB4435 /* RestActivity.swift */; };
		8C456EC0D4BB2B11373E1356 /* Foundation.framework in Frameworks */ = {isa = PBXBuildFile; fileRef = 3CC7CC03EC34E8E83DE540FF /* Foundation.framework */; };
		8F2B30CA5A6591D59FC5C8B4 /* WatchHomeView.swift in Sources */ = {isa = PBXBuildFile; fileRef = 5BCA7C66B977F7ECCACA6A40 /* WatchHomeView.swift */; };
		9651A3ED51C1381CFE8DC416 /* ControlWidgets.swift in Sources */ = {isa = PBXBuildFile; fileRef = AA6445570477D2501099E148 /* ControlWidgets.swift */; };
		9B9CB770F4199C68E79A2D7F /* WorkoutSessionManager.swift in Sources */ = {isa = PBXBuildFile; fileRef = 38A4D9044238A1960F1C2251 /* WorkoutSessionManager.swift */; };
		B243AD64495022AC45F37158 /* ChamaFitIntents.swift in Sources */ = {isa = PBXBuildFile; fileRef = F6D420DB41FD213E553E633F /* ChamaFitIntents.swift */; };
		CC932C8A15188B0F2F5C7D07 /* ChamaFitWatchWidgets.swift in Sources */ = {isa = PBXBuildFile; fileRef = 0309B6935CBD898232EF2244 /* ChamaFitWatchWidgets.swift */; };
		D01809EB8DE895677E26CC3A /* WatchComplicationState.swift in Sources */ = {isa = PBXBuildFile; fileRef = 01BEA75ADA1A343099FC6A2E /* WatchComplicationState.swift */; };
		E105F1F3D7227DE561B0E9B4 /* SpotifyiOS in Frameworks */ = {isa = PBXBuildFile; productRef = 4CACB41E9D493C058F4A8F73 /* SpotifyiOS */; };
		E71AFAE01ED86661631D2DFD /* WatchConnectivityManager.swift in Sources */ = {isa = PBXBuildFile; fileRef = 33CB166E018058E194E51FA1 /* WatchConnectivityManager.swift */; };
		ECA52B97F270F8F51FDC8865 /* RestActivity.swift in Sources */ = {isa = PBXBuildFile; fileRef = 009C7D8848F4D553FFDB4435 /* RestActivity.swift */; };
		FBD8B464E3312CD6CC9D222F /* Foundation.framework in Frameworks */ = {isa = PBXBuildFile; fileRef = 07B0E053139FD794AC3B3522 /* Foundation.framework */; };
/* End PBXBuildFile section */

/* Begin PBXContainerItemProxy section */
		3CEE378854FECFD8D68D58E4 /* PBXContainerItemProxy */ = {
			isa = PBXContainerItemProxy;
			containerPortal = 54FF56B12E272C080011485E /* Project object */;
			proxyType = 1;
			remoteGlobalIDString = DA3E2391330B087A70CA9ACE;
			remoteInfo = ChamaFitWatchWidgets;
		};
		54FF56C72E272C090011485E /* PBXContainerItemProxy */ = {
			isa = PBXContainerItemProxy;
			containerPortal = 54FF56B12E272C080011485E /* Project object */;
			proxyType = 1;
			remoteGlobalIDString = 54FF56B82E272C080011485E;
			remoteInfo = FitnessApp;
		};
		54FF56D12E272C090011485E /* PBXContainerItemProxy */ = {
			isa = PBXContainerItemProxy;
			containerPortal = 54FF56B12E272C080011485E /* Project object */;
			proxyType = 1;
			remoteGlobalIDString = 54FF56B82E272C080011485E;
			remoteInfo = FitnessApp;
		};
		B8927474E806E03E3F088D0A /* PBXContainerItemProxy */ = {
			isa = PBXContainerItemProxy;
			containerPortal = 54FF56B12E272C080011485E /* Project object */;
			proxyType = 1;
			remoteGlobalIDString = 21A71F4E33AA0164458D83DE;
			remoteInfo = "AppFit Watch";
		};
		BDA609C2D0E1CC4497D4E745 /* PBXContainerItemProxy */ = {
			isa = PBXContainerItemProxy;
			containerPortal = 54FF56B12E272C080011485E /* Project object */;
			proxyType = 1;
			remoteGlobalIDString = 9F74213A0897E1E1317497B6;
			remoteInfo = ChamaFitWidgets;
		};
/* End PBXContainerItemProxy section */

/* Begin PBXCopyFilesBuildPhase section */
		1B3A433220B9EE3B2ED6C046 /* Embed Foundation Extensions */ = {
			isa = PBXCopyFilesBuildPhase;
			buildActionMask = 2147483647;
			dstPath = "";
			dstSubfolderSpec = 13;
			files = (
				1092163F029D5232C88190B0 /* ChamaFitWatchWidgets.appex in Embed Foundation Extensions */,
			);
			name = "Embed Foundation Extensions";
			runOnlyForDeploymentPostprocessing = 0;
		};
		1CC36A8C489D2029DABB3A77 /* Embed Watch Content */ = {
			isa = PBXCopyFilesBuildPhase;
			buildActionMask = 2147483647;
			dstPath = "$(CONTENTS_FOLDER_PATH)/Watch";
			dstSubfolderSpec = 16;
			files = (
				0737929935E4EC13F94B41E0 /* AppFit Watch.app in Embed Watch Content */,
			);
			name = "Embed Watch Content";
			runOnlyForDeploymentPostprocessing = 0;
		};
		4212AECF6A7405A20CF5D231 /* Embed Foundation Extensions */ = {
			isa = PBXCopyFilesBuildPhase;
			buildActionMask = 2147483647;
			dstPath = "";
			dstSubfolderSpec = 13;
			files = (
				24E0944FDB6541C1307472CF /* ChamaFitWidgets.appex in Embed Foundation Extensions */,
			);
			name = "Embed Foundation Extensions";
			runOnlyForDeploymentPostprocessing = 0;
		};
/* End PBXCopyFilesBuildPhase section */

/* Begin PBXFileReference section */
		009C7D8848F4D553FFDB4435 /* RestActivity.swift */ = {isa = PBXFileReference; includeInIndex = 1; lastKnownFileType = sourcecode.swift; path = RestActivity.swift; sourceTree = "<group>"; };
		01BEA75ADA1A343099FC6A2E /* WatchComplicationState.swift */ = {isa = PBXFileReference; includeInIndex = 1; lastKnownFileType = sourcecode.swift; path = WatchComplicationState.swift; sourceTree = "<group>"; };
		02D8E103F213F58583ACFD95 /* ChamaFitWidgets.appex */ = {isa = PBXFileReference; explicitFileType = "wrapper.app-extension"; includeInIndex = 0; path = ChamaFitWidgets.appex; sourceTree = BUILT_PRODUCTS_DIR; };
		0309B6935CBD898232EF2244 /* ChamaFitWatchWidgets.swift */ = {isa = PBXFileReference; includeInIndex = 1; lastKnownFileType = sourcecode.swift; path = ChamaFitWatchWidgets.swift; sourceTree = "<group>"; };
		07350731FBFAFA4DDBBCDDC0 /* AppFit Watch.app */ = {isa = PBXFileReference; explicitFileType = wrapper.application; includeInIndex = 0; path = "AppFit Watch.app"; sourceTree = BUILT_PRODUCTS_DIR; };
		07B0E053139FD794AC3B3522 /* Foundation.framework */ = {isa = PBXFileReference; lastKnownFileType = wrapper.framework; name = Foundation.framework; path = Platforms/WatchOS.platform/Developer/SDKs/WatchOS11.0.sdk/System/Library/Frameworks/Foundation.framework; sourceTree = DEVELOPER_DIR; };
		1B5056444605F415CCD99EEA /* RestLiveActivity.swift */ = {isa = PBXFileReference; includeInIndex = 1; lastKnownFileType = sourcecode.swift; path = RestLiveActivity.swift; sourceTree = "<group>"; };
		33CB166E018058E194E51FA1 /* WatchConnectivityManager.swift */ = {isa = PBXFileReference; includeInIndex = 1; lastKnownFileType = sourcecode.swift; path = WatchConnectivityManager.swift; sourceTree = "<group>"; };
		38A4D9044238A1960F1C2251 /* WorkoutSessionManager.swift */ = {isa = PBXFileReference; includeInIndex = 1; lastKnownFileType = sourcecode.swift; path = WorkoutSessionManager.swift; sourceTree = "<group>"; };
		3CC7CC03EC34E8E83DE540FF /* Foundation.framework */ = {isa = PBXFileReference; lastKnownFileType = wrapper.framework; name = Foundation.framework; path = Platforms/iPhoneOS.platform/Developer/SDKs/iPhoneOS18.0.sdk/System/Library/Frameworks/Foundation.framework; sourceTree = DEVELOPER_DIR; };
		43DEE2203B6080FA0954AB99 /* TodaySummary.swift */ = {isa = PBXFileReference; includeInIndex = 1; lastKnownFileType = sourcecode.swift; path = TodaySummary.swift; sourceTree = "<group>"; };
		4FC221B1CDFF3C3256B16C38 /* Watch.entitlements */ = {isa = PBXFileReference; includeInIndex = 1; lastKnownFileType = text.plist.entitlements; path = Watch.entitlements; sourceTree = "<group>"; };
		54FF56B92E272C080011485E /* FitnessApp.app */ = {isa = PBXFileReference; explicitFileType = wrapper.application; includeInIndex = 0; path = FitnessApp.app; sourceTree = BUILT_PRODUCTS_DIR; };
		54FF56C62E272C090011485E /* FitnessAppTests.xctest */ = {isa = PBXFileReference; explicitFileType = wrapper.cfbundle; includeInIndex = 0; path = FitnessAppTests.xctest; sourceTree = BUILT_PRODUCTS_DIR; };
		54FF56D02E272C090011485E /* FitnessAppUITests.xctest */ = {isa = PBXFileReference; explicitFileType = wrapper.cfbundle; includeInIndex = 0; path = FitnessAppUITests.xctest; sourceTree = BUILT_PRODUCTS_DIR; };
		5BCA7C66B977F7ECCACA6A40 /* WatchHomeView.swift */ = {isa = PBXFileReference; includeInIndex = 1; lastKnownFileType = sourcecode.swift; path = WatchHomeView.swift; sourceTree = "<group>"; };
		786F5E6748E656E67F2EBE79 /* ChamaFitWidgets.entitlements */ = {isa = PBXFileReference; includeInIndex = 1; lastKnownFileType = text.plist.entitlements; path = ChamaFitWidgets.entitlements; sourceTree = "<group>"; };
		7E3A07DD4CAE3F4F01D62C71 /* ChamaFitWatchWidgets.appex */ = {isa = PBXFileReference; explicitFileType = "wrapper.app-extension"; includeInIndex = 0; path = ChamaFitWatchWidgets.appex; sourceTree = BUILT_PRODUCTS_DIR; };
		7FB05CE264A60C7E08561938 /* Assets.xcassets */ = {isa = PBXFileReference; includeInIndex = 1; lastKnownFileType = folder.assetcatalog; path = Assets.xcassets; sourceTree = "<group>"; };
		84ACAFD3525062678BC54AA1 /* ChamaFitWidgetsBundle.swift */ = {isa = PBXFileReference; includeInIndex = 1; lastKnownFileType = sourcecode.swift; path = ChamaFitWidgetsBundle.swift; sourceTree = "<group>"; };
		89295C9FFD4744E36409A06F /* Info.plist */ = {isa = PBXFileReference; includeInIndex = 1; lastKnownFileType = text.plist.xml; path = Info.plist; sourceTree = "<group>"; };
		8AF4D7E87C58CD5CBB835AF6 /* TodayWidget.swift */ = {isa = PBXFileReference; includeInIndex = 1; lastKnownFileType = sourcecode.swift; path = TodayWidget.swift; sourceTree = "<group>"; };
		8AF9485A702E246BF7E5135B /* AppFitWatchApp.swift */ = {isa = PBXFileReference; includeInIndex = 1; lastKnownFileType = sourcecode.swift; path = AppFitWatchApp.swift; sourceTree = "<group>"; };
		AA6445570477D2501099E148 /* ControlWidgets.swift */ = {isa = PBXFileReference; includeInIndex = 1; lastKnownFileType = sourcecode.swift; path = ControlWidgets.swift; sourceTree = "<group>"; };
		AED016F852ED4094BFC89711 /* Info.plist */ = {isa = PBXFileReference; includeInIndex = 1; lastKnownFileType = text.plist.xml; path = Info.plist; sourceTree = "<group>"; };
		D7432C80E1776A1C2B36EC77 /* ChamaFitWatchWidgets.entitlements */ = {isa = PBXFileReference; includeInIndex = 1; lastKnownFileType = text.plist.entitlements; path = ChamaFitWatchWidgets.entitlements; sourceTree = "<group>"; };
		F6D420DB41FD213E553E633F /* ChamaFitIntents.swift */ = {isa = PBXFileReference; includeInIndex = 1; lastKnownFileType = sourcecode.swift; path = ChamaFitIntents.swift; sourceTree = "<group>"; };
/* End PBXFileReference section */

/* Begin PBXFileSystemSynchronizedBuildFileExceptionSet section */
		5406F4A72E296C8C00978DE4 /* Exceptions for "FitnessApp" folder in "FitnessApp" target */ = {
			isa = PBXFileSystemSynchronizedBuildFileExceptionSet;
			membershipExceptions = (
				Info.plist,
			);
			target = 54FF56B82E272C080011485E /* FitnessApp */;
		};
/* End PBXFileSystemSynchronizedBuildFileExceptionSet section */

/* Begin PBXFileSystemSynchronizedRootGroup section */
		54FF56BB2E272C080011485E /* FitnessApp */ = {
			isa = PBXFileSystemSynchronizedRootGroup;
			exceptions = (
				5406F4A72E296C8C00978DE4 /* Exceptions for "FitnessApp" folder in "FitnessApp" target */,
			);
			path = FitnessApp;
			sourceTree = "<group>";
		};
		54FF56C92E272C090011485E /* FitnessAppTests */ = {
			isa = PBXFileSystemSynchronizedRootGroup;
			exceptions = (
			);
			path = FitnessAppTests;
			sourceTree = "<group>";
		};
		54FF56D32E272C090011485E /* FitnessAppUITests */ = {
			isa = PBXFileSystemSynchronizedRootGroup;
			exceptions = (
			);
			path = FitnessAppUITests;
			sourceTree = "<group>";
		};
/* End PBXFileSystemSynchronizedRootGroup section */

/* Begin PBXFrameworksBuildPhase section */
		16A88B642F6914B9F484BCB0 /* Frameworks */ = {
			isa = PBXFrameworksBuildPhase;
			buildActionMask = 2147483647;
			files = (
				FBD8B464E3312CD6CC9D222F /* Foundation.framework in Frameworks */,
			);
			runOnlyForDeploymentPostprocessing = 0;
		};
		50E5B4FA1DCEF240DFA62A75 /* Frameworks */ = {
			isa = PBXFrameworksBuildPhase;
			buildActionMask = 2147483647;
			files = (
				8C456EC0D4BB2B11373E1356 /* Foundation.framework in Frameworks */,
			);
			runOnlyForDeploymentPostprocessing = 0;
		};
		54FF56B62E272C080011485E /* Frameworks */ = {
			isa = PBXFrameworksBuildPhase;
			buildActionMask = 2147483647;
			files = (
				E105F1F3D7227DE561B0E9B4 /* SpotifyiOS in Frameworks */,
			);
			runOnlyForDeploymentPostprocessing = 0;
		};
		54FF56C32E272C090011485E /* Frameworks */ = {
			isa = PBXFrameworksBuildPhase;
			buildActionMask = 2147483647;
			files = (
			);
			runOnlyForDeploymentPostprocessing = 0;
		};
		54FF56CD2E272C090011485E /* Frameworks */ = {
			isa = PBXFrameworksBuildPhase;
			buildActionMask = 2147483647;
			files = (
			);
			runOnlyForDeploymentPostprocessing = 0;
		};
		F95C97125957F7BFEBF04030 /* Frameworks */ = {
			isa = PBXFrameworksBuildPhase;
			buildActionMask = 2147483647;
			files = (
				47734AD5D3B0E75128EE7AE4 /* Foundation.framework in Frameworks */,
			);
			runOnlyForDeploymentPostprocessing = 0;
		};
/* End PBXFrameworksBuildPhase section */

/* Begin PBXGroup section */
		0643BDBB73A86B239B2BE817 /* watchOS */ = {
			isa = PBXGroup;
			children = (
				07B0E053139FD794AC3B3522 /* Foundation.framework */,
			);
			name = watchOS;
			sourceTree = "<group>";
		};
		2A2295E9FF484650FCD9397E /* WatchApp */ = {
			isa = PBXGroup;
			children = (
				8AF9485A702E246BF7E5135B /* AppFitWatchApp.swift */,
				33CB166E018058E194E51FA1 /* WatchConnectivityManager.swift */,
				5BCA7C66B977F7ECCACA6A40 /* WatchHomeView.swift */,
				38A4D9044238A1960F1C2251 /* WorkoutSessionManager.swift */,
				4FC221B1CDFF3C3256B16C38 /* Watch.entitlements */,
				7FB05CE264A60C7E08561938 /* Assets.xcassets */,
				01BEA75ADA1A343099FC6A2E /* WatchComplicationState.swift */,
			);
			path = WatchApp;
			sourceTree = "<group>";
		};
		4BA32A4F5BC7054FA221A21F /* ChamaFitWidgets */ = {
			isa = PBXGroup;
			children = (
				84ACAFD3525062678BC54AA1 /* ChamaFitWidgetsBundle.swift */,
				1B5056444605F415CCD99EEA /* RestLiveActivity.swift */,
				8AF4D7E87C58CD5CBB835AF6 /* TodayWidget.swift */,
				89295C9FFD4744E36409A06F /* Info.plist */,
				786F5E6748E656E67F2EBE79 /* ChamaFitWidgets.entitlements */,
				AA6445570477D2501099E148 /* ControlWidgets.swift */,
			);
			path = ChamaFitWidgets;
			sourceTree = "<group>";
		};
		54FF56B02E272C080011485E = {
			isa = PBXGroup;
			children = (
				54FF56BB2E272C080011485E /* FitnessApp */,
				54FF56C92E272C090011485E /* FitnessAppTests */,
				54FF56D32E272C090011485E /* FitnessAppUITests */,
				54FF56BA2E272C080011485E /* Products */,
				598A3F196EF4C1890544D396 /* Frameworks */,
				2A2295E9FF484650FCD9397E /* WatchApp */,
				819154CFD1D9DD8EF87A9961 /* Shared */,
				4BA32A4F5BC7054FA221A21F /* ChamaFitWidgets */,
				7011AF142186C2050DCA1959 /* ChamaFitWatchWidgets */,
			);
			sourceTree = "<group>";
		};
		54FF56BA2E272C080011485E /* Products */ = {
			isa = PBXGroup;
			children = (
				54FF56B92E272C080011485E /* FitnessApp.app */,
				54FF56C62E272C090011485E /* FitnessAppTests.xctest */,
				54FF56D02E272C090011485E /* FitnessAppUITests.xctest */,
				07350731FBFAFA4DDBBCDDC0 /* AppFit Watch.app */,
				02D8E103F213F58583ACFD95 /* ChamaFitWidgets.appex */,
				7E3A07DD4CAE3F4F01D62C71 /* ChamaFitWatchWidgets.appex */,
			);
			name = Products;
			sourceTree = "<group>";
		};
		598A3F196EF4C1890544D396 /* Frameworks */ = {
			isa = PBXGroup;
			children = (
				0643BDBB73A86B239B2BE817 /* watchOS */,
				B6D5CC9B1FDA0997F2E1F22A /* iOS */,
			);
			name = Frameworks;
			sourceTree = "<group>";
		};
		7011AF142186C2050DCA1959 /* ChamaFitWatchWidgets */ = {
			isa = PBXGroup;
			children = (
				AED016F852ED4094BFC89711 /* Info.plist */,
				D7432C80E1776A1C2B36EC77 /* ChamaFitWatchWidgets.entitlements */,
				0309B6935CBD898232EF2244 /* ChamaFitWatchWidgets.swift */,
			);
			name = ChamaFitWatchWidgets;
			path = ChamaFitWatchWidgets;
			sourceTree = "<group>";
		};
		819154CFD1D9DD8EF87A9961 /* Shared */ = {
			isa = PBXGroup;
			children = (
				009C7D8848F4D553FFDB4435 /* RestActivity.swift */,
				43DEE2203B6080FA0954AB99 /* TodaySummary.swift */,
				F6D420DB41FD213E553E633F /* ChamaFitIntents.swift */,
			);
			path = Shared;
			sourceTree = "<group>";
		};
		B6D5CC9B1FDA0997F2E1F22A /* iOS */ = {
			isa = PBXGroup;
			children = (
				3CC7CC03EC34E8E83DE540FF /* Foundation.framework */,
			);
			name = iOS;
			sourceTree = "<group>";
		};
/* End PBXGroup section */

/* Begin PBXNativeTarget section */
		21A71F4E33AA0164458D83DE /* AppFit Watch */ = {
			isa = PBXNativeTarget;
			buildConfigurationList = 57500671A7C954B4078E04C8 /* Build configuration list for PBXNativeTarget "AppFit Watch" */;
			buildPhases = (
				A7B74F94C1D453A315324E64 /* Sources */,
				F95C97125957F7BFEBF04030 /* Frameworks */,
				A827D8EBBD3324F52C07862D /* Resources */,
				1B3A433220B9EE3B2ED6C046 /* Embed Foundation Extensions */,
			);
			buildRules = (
			);
			dependencies = (
				62CFE5569E87AEEBDC610F73 /* PBXTargetDependency */,
			);
			name = "AppFit Watch";
			productName = "AppFit Watch";
			productReference = 07350731FBFAFA4DDBBCDDC0 /* AppFit Watch.app */;
			productType = "com.apple.product-type.application";
		};
		54FF56B82E272C080011485E /* FitnessApp */ = {
			isa = PBXNativeTarget;
			buildConfigurationList = 54FF56DA2E272C090011485E /* Build configuration list for PBXNativeTarget "FitnessApp" */;
			buildPhases = (
				54FF56B52E272C080011485E /* Sources */,
				54FF56B62E272C080011485E /* Frameworks */,
				54FF56B72E272C080011485E /* Resources */,
				1CC36A8C489D2029DABB3A77 /* Embed Watch Content */,
				4212AECF6A7405A20CF5D231 /* Embed Foundation Extensions */,
			);
			buildRules = (
			);
			dependencies = (
				192B8EA1BCEF9C7CCB53BF5F /* PBXTargetDependency */,
				A3F557A4C9B211058444F5CC /* PBXTargetDependency */,
			);
			fileSystemSynchronizedGroups = (
				54FF56BB2E272C080011485E /* FitnessApp */,
			);
			name = FitnessApp;
			packageProductDependencies = (
				4CACB41E9D493C058F4A8F73 /* SpotifyiOS */,
			);
			productName = FitnessApp;
			productReference = 54FF56B92E272C080011485E /* FitnessApp.app */;
			productType = "com.apple.product-type.application";
		};
		54FF56C52E272C090011485E /* FitnessAppTests */ = {
			isa = PBXNativeTarget;
			buildConfigurationList = 54FF56DD2E272C090011485E /* Build configuration list for PBXNativeTarget "FitnessAppTests" */;
			buildPhases = (
				54FF56C22E272C090011485E /* Sources */,
				54FF56C32E272C090011485E /* Frameworks */,
				54FF56C42E272C090011485E /* Resources */,
			);
			buildRules = (
			);
			dependencies = (
				54FF56C82E272C090011485E /* PBXTargetDependency */,
			);
			fileSystemSynchronizedGroups = (
				54FF56C92E272C090011485E /* FitnessAppTests */,
			);
			name = FitnessAppTests;
			productName = FitnessAppTests;
			productReference = 54FF56C62E272C090011485E /* FitnessAppTests.xctest */;
			productType = "com.apple.product-type.bundle.unit-test";
		};
		54FF56CF2E272C090011485E /* FitnessAppUITests */ = {
			isa = PBXNativeTarget;
			buildConfigurationList = 54FF56E02E272C090011485E /* Build configuration list for PBXNativeTarget "FitnessAppUITests" */;
			buildPhases = (
				54FF56CC2E272C090011485E /* Sources */,
				54FF56CD2E272C090011485E /* Frameworks */,
				54FF56CE2E272C090011485E /* Resources */,
			);
			buildRules = (
			);
			dependencies = (
				54FF56D22E272C090011485E /* PBXTargetDependency */,
			);
			fileSystemSynchronizedGroups = (
				54FF56D32E272C090011485E /* FitnessAppUITests */,
			);
			name = FitnessAppUITests;
			productName = FitnessAppUITests;
			productReference = 54FF56D02E272C090011485E /* FitnessAppUITests.xctest */;
			productType = "com.apple.product-type.bundle.ui-testing";
		};
		9F74213A0897E1E1317497B6 /* ChamaFitWidgets */ = {
			isa = PBXNativeTarget;
			buildConfigurationList = CA8832B507202E98A5772C6C /* Build configuration list for PBXNativeTarget "ChamaFitWidgets" */;
			buildPhases = (
				F5130197A47A7FFFD574B372 /* Sources */,
				50E5B4FA1DCEF240DFA62A75 /* Frameworks */,
				889EE5F0055373E7FDBB4DF0 /* Resources */,
			);
			buildRules = (
			);
			dependencies = (
			);
			name = ChamaFitWidgets;
			productName = ChamaFitWidgets;
			productReference = 02D8E103F213F58583ACFD95 /* ChamaFitWidgets.appex */;
			productType = "com.apple.product-type.app-extension";
		};
		DA3E2391330B087A70CA9ACE /* ChamaFitWatchWidgets */ = {
			isa = PBXNativeTarget;
			buildConfigurationList = 516B08F838990F4025CCD0AD /* Build configuration list for PBXNativeTarget "ChamaFitWatchWidgets" */;
			buildPhases = (
				F84B078B45466D05953A9F58 /* Sources */,
				16A88B642F6914B9F484BCB0 /* Frameworks */,
				71E5544AB65DFF2F2F6272EE /* Resources */,
			);
			buildRules = (
			);
			dependencies = (
			);
			name = ChamaFitWatchWidgets;
			productName = ChamaFitWatchWidgets;
			productReference = 7E3A07DD4CAE3F4F01D62C71 /* ChamaFitWatchWidgets.appex */;
			productType = "com.apple.product-type.app-extension";
		};
/* End PBXNativeTarget section */

/* Begin PBXProject section */
		54FF56B12E272C080011485E /* Project object */ = {
			isa = PBXProject;
			attributes = {
				BuildIndependentTargetsInParallel = 1;
				LastSwiftUpdateCheck = 2600;
				LastUpgradeCheck = 2600;
				TargetAttributes = {
					54FF56B82E272C080011485E = {
						CreatedOnToolsVersion = 26.0;
					};
					54FF56C52E272C090011485E = {
						CreatedOnToolsVersion = 26.0;
						TestTargetID = 54FF56B82E272C080011485E;
					};
					54FF56CF2E272C090011485E = {
						CreatedOnToolsVersion = 26.0;
						TestTargetID = 54FF56B82E272C080011485E;
					};
				};
			};
			buildConfigurationList = 54FF56B42E272C080011485E /* Build configuration list for PBXProject "FitnessApp" */;
			developmentRegion = es;
			hasScannedForEncodings = 0;
			knownRegions = (
				en,
				Base,
				es,
			);
			mainGroup = 54FF56B02E272C080011485E;
			minimizedProjectReferenceProxies = 1;
			packageReferences = (
				BF294AA2A6A34D41CDE07F27 /* XCRemoteSwiftPackageReference "ios-sdk" */,
			);
			preferredProjectObjectVersion = 77;
			productRefGroup = 54FF56BA2E272C080011485E /* Products */;
			projectDirPath = "";
			projectRoot = "";
			targets = (
				54FF56B82E272C080011485E /* FitnessApp */,
				54FF56C52E272C090011485E /* FitnessAppTests */,
				54FF56CF2E272C090011485E /* FitnessAppUITests */,
				21A71F4E33AA0164458D83DE /* AppFit Watch */,
				9F74213A0897E1E1317497B6 /* ChamaFitWidgets */,
				DA3E2391330B087A70CA9ACE /* ChamaFitWatchWidgets */,
			);
		};
/* End PBXProject section */

/* Begin PBXResourcesBuildPhase section */
		54FF56B72E272C080011485E /* Resources */ = {
			isa = PBXResourcesBuildPhase;
			buildActionMask = 2147483647;
			files = (
			);
			runOnlyForDeploymentPostprocessing = 0;
		};
		54FF56C42E272C090011485E /* Resources */ = {
			isa = PBXResourcesBuildPhase;
			buildActionMask = 2147483647;
			files = (
			);
			runOnlyForDeploymentPostprocessing = 0;
		};
		54FF56CE2E272C090011485E /* Resources */ = {
			isa = PBXResourcesBuildPhase;
			buildActionMask = 2147483647;
			files = (
			);
			runOnlyForDeploymentPostprocessing = 0;
		};
		71E5544AB65DFF2F2F6272EE /* Resources */ = {
			isa = PBXResourcesBuildPhase;
			buildActionMask = 2147483647;
			files = (
			);
			runOnlyForDeploymentPostprocessing = 0;
		};
		889EE5F0055373E7FDBB4DF0 /* Resources */ = {
			isa = PBXResourcesBuildPhase;
			buildActionMask = 2147483647;
			files = (
			);
			runOnlyForDeploymentPostprocessing = 0;
		};
		A827D8EBBD3324F52C07862D /* Resources */ = {
			isa = PBXResourcesBuildPhase;
			buildActionMask = 2147483647;
			files = (
				2C4905799931F359F2190100 /* Assets.xcassets in Resources */,
			);
			runOnlyForDeploymentPostprocessing = 0;
		};
/* End PBXResourcesBuildPhase section */

/* Begin PBXSourcesBuildPhase section */
		54FF56B52E272C080011485E /* Sources */ = {
			isa = PBXSourcesBuildPhase;
			buildActionMask = 2147483647;
			files = (
				ECA52B97F270F8F51FDC8865 /* RestActivity.swift in Sources */,
				2FD021769EEB6D1589428888 /* TodaySummary.swift in Sources */,
				4960395ECB688CB88421E55B /* ChamaFitIntents.swift in Sources */,
			);
			runOnlyForDeploymentPostprocessing = 0;
		};
		54FF56C22E272C090011485E /* Sources */ = {
			isa = PBXSourcesBuildPhase;
			buildActionMask = 2147483647;
			files = (
			);
			runOnlyForDeploymentPostprocessing = 0;
		};
		54FF56CC2E272C090011485E /* Sources */ = {
			isa = PBXSourcesBuildPhase;
			buildActionMask = 2147483647;
			files = (
			);
			runOnlyForDeploymentPostprocessing = 0;
		};
		A7B74F94C1D453A315324E64 /* Sources */ = {
			isa = PBXSourcesBuildPhase;
			buildActionMask = 2147483647;
			files = (
				679FAB50BC638A7D0495ED97 /* AppFitWatchApp.swift in Sources */,
				E71AFAE01ED86661631D2DFD /* WatchConnectivityManager.swift in Sources */,
				8F2B30CA5A6591D59FC5C8B4 /* WatchHomeView.swift in Sources */,
				9B9CB770F4199C68E79A2D7F /* WorkoutSessionManager.swift in Sources */,
				64A6FE4B9AE9FEA3A02BC8C7 /* WatchComplicationState.swift in Sources */,
			);
			runOnlyForDeploymentPostprocessing = 0;
		};
		F5130197A47A7FFFD574B372 /* Sources */ = {
			isa = PBXSourcesBuildPhase;
			buildActionMask = 2147483647;
			files = (
				3EB026936A728AC1D8830B72 /* ChamaFitWidgetsBundle.swift in Sources */,
				25F627ADC9141BE05758DD8A /* RestLiveActivity.swift in Sources */,
				69D69BA5068F58BD0403CC52 /* TodayWidget.swift in Sources */,
				855588D7A7FCAD172332AADA /* RestActivity.swift in Sources */,
				12419794A4F956742A3E9189 /* TodaySummary.swift in Sources */,
				9651A3ED51C1381CFE8DC416 /* ControlWidgets.swift in Sources */,
				B243AD64495022AC45F37158 /* ChamaFitIntents.swift in Sources */,
			);
			runOnlyForDeploymentPostprocessing = 0;
		};
		F84B078B45466D05953A9F58 /* Sources */ = {
			isa = PBXSourcesBuildPhase;
			buildActionMask = 2147483647;
			files = (
				CC932C8A15188B0F2F5C7D07 /* ChamaFitWatchWidgets.swift in Sources */,
				D01809EB8DE895677E26CC3A /* WatchComplicationState.swift in Sources */,
			);
			runOnlyForDeploymentPostprocessing = 0;
		};
/* End PBXSourcesBuildPhase section */

/* Begin PBXTargetDependency section */
		192B8EA1BCEF9C7CCB53BF5F /* PBXTargetDependency */ = {
			isa = PBXTargetDependency;
			name = "AppFit Watch";
			target = 21A71F4E33AA0164458D83DE /* AppFit Watch */;
			targetProxy = B8927474E806E03E3F088D0A /* PBXContainerItemProxy */;
		};
		54FF56C82E272C090011485E /* PBXTargetDependency */ = {
			isa = PBXTargetDependency;
			target = 54FF56B82E272C080011485E /* FitnessApp */;
			targetProxy = 54FF56C72E272C090011485E /* PBXContainerItemProxy */;
		};
		54FF56D22E272C090011485E /* PBXTargetDependency */ = {
			isa = PBXTargetDependency;
			target = 54FF56B82E272C080011485E /* FitnessApp */;
			targetProxy = 54FF56D12E272C090011485E /* PBXContainerItemProxy */;
		};
		62CFE5569E87AEEBDC610F73 /* PBXTargetDependency */ = {
			isa = PBXTargetDependency;
			name = ChamaFitWatchWidgets;
			target = DA3E2391330B087A70CA9ACE /* ChamaFitWatchWidgets */;
			targetProxy = 3CEE378854FECFD8D68D58E4 /* PBXContainerItemProxy */;
		};
		A3F557A4C9B211058444F5CC /* PBXTargetDependency */ = {
			isa = PBXTargetDependency;
			name = ChamaFitWidgets;
			target = 9F74213A0897E1E1317497B6 /* ChamaFitWidgets */;
			targetProxy = BDA609C2D0E1CC4497D4E745 /* PBXContainerItemProxy */;
		};
/* End PBXTargetDependency section */

/* Begin XCBuildConfiguration section */
		277B91841522D5305EE782E0 /* Release */ = {
			isa = XCBuildConfiguration;
			buildSettings = {
				CODE_SIGN_ENTITLEMENTS = ChamaFitWatchWidgets/ChamaFitWatchWidgets.entitlements;
				CODE_SIGN_STYLE = Automatic;
				CURRENT_PROJECT_VERSION = 1;
				DEVELOPMENT_TEAM = 47BY9SGLT7;
				GENERATE_INFOPLIST_FILE = YES;
				INFOPLIST_FILE = ChamaFitWatchWidgets/Info.plist;
				INFOPLIST_KEY_CFBundleDisplayName = ChamaFit;
				LD_RUNPATH_SEARCH_PATHS = (
					"$(inherited)",
					"@executable_path/Frameworks",
					"@executable_path/../../Frameworks",
				);
				MARKETING_VERSION = 2.0;
				PRODUCT_BUNDLE_IDENTIFIER = Mauri.FitnessApp.watchkitapp.ChamaFitWatchWidgets;
				PRODUCT_NAME = "$(TARGET_NAME)";
				SDKROOT = watchos;
				SKIP_INSTALL = YES;
				SUPPORTED_PLATFORMS = "watchos watchsimulator";
				SWIFT_EMIT_LOC_STRINGS = YES;
				SWIFT_VERSION = 5.0;
				TARGETED_DEVICE_FAMILY = 4;
				VALIDATE_PRODUCT = YES;
				WATCHOS_DEPLOYMENT_TARGET = 11.0;
			};
			name = Release;
		};
		33E12AA4A0CD4C887A2FB5A4 /* Release */ = {
			isa = XCBuildConfiguration;
			buildSettings = {
				CLANG_ENABLE_OBJC_WEAK = NO;
				CODE_SIGN_ENTITLEMENTS = ChamaFitWidgets/ChamaFitWidgets.entitlements;
				CODE_SIGN_STYLE = Automatic;
				CURRENT_PROJECT_VERSION = 1;
				DEVELOPMENT_TEAM = 47BY9SGLT7;
				GENERATE_INFOPLIST_FILE = YES;
				INFOPLIST_FILE = ChamaFitWidgets/Info.plist;
				INFOPLIST_KEY_CFBundleDisplayName = ChamaFit;
				INFOPLIST_KEY_NSHumanReadableCopyright = "";
				IPHONEOS_DEPLOYMENT_TARGET = 26.0;
				LD_RUNPATH_SEARCH_PATHS = (
					"$(inherited)",
					"@executable_path/Frameworks",
					"@executable_path/../../Frameworks",
				);
				MARKETING_VERSION = 2.0;
				PRODUCT_BUNDLE_IDENTIFIER = Mauri.FitnessApp.ChamaFitWidgets;
				PRODUCT_NAME = "$(TARGET_NAME)";
				SDKROOT = iphoneos;
				SKIP_INSTALL = YES;
				SUPPORTED_PLATFORMS = "iphoneos iphonesimulator";
				SWIFT_APPROACHABLE_CONCURRENCY = YES;
				SWIFT_DEFAULT_ACTOR_ISOLATION = MainActor;
				SWIFT_EMIT_LOC_STRINGS = YES;
				SWIFT_VERSION = 5.0;
				TARGETED_DEVICE_FAMILY = 1;
				VALIDATE_PRODUCT = YES;
			};
			name = Release;
		};
		54FF56D82E272C090011485E /* Debug */ = {
			isa = XCBuildConfiguration;
			buildSettings = {
				ALWAYS_SEARCH_USER_PATHS = NO;
				ASSETCATALOG_COMPILER_GENERATE_SWIFT_ASSET_SYMBOL_EXTENSIONS = YES;
				CLANG_ANALYZER_NONNULL = YES;
				CLANG_ANALYZER_NUMBER_OBJECT_CONVERSION = YES_AGGRESSIVE;
				CLANG_CXX_LANGUAGE_STANDARD = "gnu++20";
				CLANG_ENABLE_MODULES = YES;
				CLANG_ENABLE_OBJC_ARC = YES;
				CLANG_ENABLE_OBJC_WEAK = YES;
				CLANG_WARN_BLOCK_CAPTURE_AUTORELEASING = YES;
				CLANG_WARN_BOOL_CONVERSION = YES;
				CLANG_WARN_COMMA = YES;
				CLANG_WARN_CONSTANT_CONVERSION = YES;
				CLANG_WARN_DEPRECATED_OBJC_IMPLEMENTATIONS = YES;
				CLANG_WARN_DIRECT_OBJC_ISA_USAGE = YES_ERROR;
				CLANG_WARN_DOCUMENTATION_COMMENTS = YES;
				CLANG_WARN_EMPTY_BODY = YES;
				CLANG_WARN_ENUM_CONVERSION = YES;
				CLANG_WARN_INFINITE_RECURSION = YES;
				CLANG_WARN_INT_CONVERSION = YES;
				CLANG_WARN_NON_LITERAL_NULL_CONVERSION = YES;
				CLANG_WARN_OBJC_IMPLICIT_RETAIN_SELF = YES;
				CLANG_WARN_OBJC_LITERAL_CONVERSION = YES;
				CLANG_WARN_OBJC_ROOT_CLASS = YES_ERROR;
				CLANG_WARN_QUOTED_INCLUDE_IN_FRAMEWORK_HEADER = YES;
				CLANG_WARN_RANGE_LOOP_ANALYSIS = YES;
				CLANG_WARN_STRICT_PROTOTYPES = YES;
				CLANG_WARN_SUSPICIOUS_MOVE = YES;
				CLANG_WARN_UNGUARDED_AVAILABILITY = YES_AGGRESSIVE;
				CLANG_WARN_UNREACHABLE_CODE = YES;
				CLANG_WARN__DUPLICATE_METHOD_MATCH = YES;
				COPY_PHASE_STRIP = NO;
				DEBUG_INFORMATION_FORMAT = dwarf;
				DEVELOPMENT_TEAM = 47BY9SGLT7;
				ENABLE_STRICT_OBJC_MSGSEND = YES;
				ENABLE_TESTABILITY = YES;
				ENABLE_USER_SCRIPT_SANDBOXING = YES;
				GCC_C_LANGUAGE_STANDARD = gnu17;
				GCC_DYNAMIC_NO_PIC = NO;
				GCC_NO_COMMON_BLOCKS = YES;
				GCC_OPTIMIZATION_LEVEL = 0;
				GCC_PREPROCESSOR_DEFINITIONS = (
					"DEBUG=1",
					"$(inherited)",
				);
				GCC_WARN_64_TO_32_BIT_CONVERSION = YES;
				GCC_WARN_ABOUT_RETURN_TYPE = YES_ERROR;
				GCC_WARN_UNDECLARED_SELECTOR = YES;
				GCC_WARN_UNINITIALIZED_AUTOS = YES_AGGRESSIVE;
				GCC_WARN_UNUSED_FUNCTION = YES;
				GCC_WARN_UNUSED_VARIABLE = YES;
				LOCALIZATION_PREFERS_STRING_CATALOGS = YES;
				MTL_ENABLE_DEBUG_INFO = INCLUDE_SOURCE;
				MTL_FAST_MATH = YES;
				ONLY_ACTIVE_ARCH = YES;
				SWIFT_ACTIVE_COMPILATION_CONDITIONS = "DEBUG $(inherited)";
				SWIFT_OPTIMIZATION_LEVEL = "-Onone";
			};
			name = Debug;
		};
		54FF56D92E272C090011485E /* Release */ = {
			isa = XCBuildConfiguration;
			buildSettings = {
				ALWAYS_SEARCH_USER_PATHS = NO;
				ASSETCATALOG_COMPILER_GENERATE_SWIFT_ASSET_SYMBOL_EXTENSIONS = YES;
				CLANG_ANALYZER_NONNULL = YES;
				CLANG_ANALYZER_NUMBER_OBJECT_CONVERSION = YES_AGGRESSIVE;
				CLANG_CXX_LANGUAGE_STANDARD = "gnu++20";
				CLANG_ENABLE_MODULES = YES;
				CLANG_ENABLE_OBJC_ARC = YES;
				CLANG_ENABLE_OBJC_WEAK = YES;
				CLANG_WARN_BLOCK_CAPTURE_AUTORELEASING = YES;
				CLANG_WARN_BOOL_CONVERSION = YES;
				CLANG_WARN_COMMA = YES;
				CLANG_WARN_CONSTANT_CONVERSION = YES;
				CLANG_WARN_DEPRECATED_OBJC_IMPLEMENTATIONS = YES;
				CLANG_WARN_DIRECT_OBJC_ISA_USAGE = YES_ERROR;
				CLANG_WARN_DOCUMENTATION_COMMENTS = YES;
				CLANG_WARN_EMPTY_BODY = YES;
				CLANG_WARN_ENUM_CONVERSION = YES;
				CLANG_WARN_INFINITE_RECURSION = YES;
				CLANG_WARN_INT_CONVERSION = YES;
				CLANG_WARN_NON_LITERAL_NULL_CONVERSION = YES;
				CLANG_WARN_OBJC_IMPLICIT_RETAIN_SELF = YES;
				CLANG_WARN_OBJC_LITERAL_CONVERSION = YES;
				CLANG_WARN_OBJC_ROOT_CLASS = YES_ERROR;
				CLANG_WARN_QUOTED_INCLUDE_IN_FRAMEWORK_HEADER = YES;
				CLANG_WARN_RANGE_LOOP_ANALYSIS = YES;
				CLANG_WARN_STRICT_PROTOTYPES = YES;
				CLANG_WARN_SUSPICIOUS_MOVE = YES;
				CLANG_WARN_UNGUARDED_AVAILABILITY = YES_AGGRESSIVE;
				CLANG_WARN_UNREACHABLE_CODE = YES;
				CLANG_WARN__DUPLICATE_METHOD_MATCH = YES;
				COPY_PHASE_STRIP = NO;
				DEBUG_INFORMATION_FORMAT = "dwarf-with-dsym";
				DEVELOPMENT_TEAM = 47BY9SGLT7;
				ENABLE_NS_ASSERTIONS = NO;
				ENABLE_STRICT_OBJC_MSGSEND = YES;
				ENABLE_USER_SCRIPT_SANDBOXING = YES;
				GCC_C_LANGUAGE_STANDARD = gnu17;
				GCC_NO_COMMON_BLOCKS = YES;
				GCC_WARN_64_TO_32_BIT_CONVERSION = YES;
				GCC_WARN_ABOUT_RETURN_TYPE = YES_ERROR;
				GCC_WARN_UNDECLARED_SELECTOR = YES;
				GCC_WARN_UNINITIALIZED_AUTOS = YES_AGGRESSIVE;
				GCC_WARN_UNUSED_FUNCTION = YES;
				GCC_WARN_UNUSED_VARIABLE = YES;
				LOCALIZATION_PREFERS_STRING_CATALOGS = YES;
				MTL_ENABLE_DEBUG_INFO = NO;
				MTL_FAST_MATH = YES;
				SWIFT_COMPILATION_MODE = wholemodule;
			};
			name = Release;
		};
		54FF56DB2E272C090011485E /* Debug */ = {
			isa = XCBuildConfiguration;
			buildSettings = {
				ASSETCATALOG_COMPILER_APPICON_NAME = AppIcon;
				ASSETCATALOG_COMPILER_GLOBAL_ACCENT_COLOR_NAME = AccentColor;
				CODE_SIGN_ENTITLEMENTS = FitnessApp/FitnessApp.entitlements;
				CODE_SIGN_IDENTITY = "Apple Development";
				CODE_SIGN_STYLE = Automatic;
				CURRENT_PROJECT_VERSION = 1;
				DEVELOPMENT_TEAM = 47BY9SGLT7;
				ENABLE_PREVIEWS = YES;
				GENERATE_INFOPLIST_FILE = YES;
				INFOPLIST_FILE = FitnessApp/Info.plist;
				INFOPLIST_KEY_CFBundleDisplayName = ChamaFit;
				INFOPLIST_KEY_NSSupportsLiveActivities = YES;
				"INFOPLIST_KEY_UIApplicationSceneManifest_Generation[sdk=iphoneos*]" = YES;
				"INFOPLIST_KEY_UIApplicationSceneManifest_Generation[sdk=iphonesimulator*]" = YES;
				"INFOPLIST_KEY_UIApplicationSupportsIndirectInputEvents[sdk=iphoneos*]" = YES;
				"INFOPLIST_KEY_UIApplicationSupportsIndirectInputEvents[sdk=iphonesimulator*]" = YES;
				"INFOPLIST_KEY_UILaunchScreen_Generation[sdk=iphoneos*]" = YES;
				"INFOPLIST_KEY_UILaunchScreen_Generation[sdk=iphonesimulator*]" = YES;
				"INFOPLIST_KEY_UIStatusBarStyle[sdk=iphoneos*]" = UIStatusBarStyleDefault;
				"INFOPLIST_KEY_UIStatusBarStyle[sdk=iphonesimulator*]" = UIStatusBarStyleDefault;
				INFOPLIST_KEY_UISupportedInterfaceOrientations_iPhone = UIInterfaceOrientationPortrait;
				IPHONEOS_DEPLOYMENT_TARGET = 26.0;
				LD_RUNPATH_SEARCH_PATHS = "@executable_path/Frameworks";
				MARKETING_VERSION = 2.0;
				PRODUCT_BUNDLE_IDENTIFIER = Mauri.FitnessApp;
				PRODUCT_NAME = "$(TARGET_NAME)";
				PROVISIONING_PROFILE_SPECIFIER = "";
				REGISTER_APP_GROUPS = YES;
				SDKROOT = iphoneos;
				STRING_CATALOG_GENERATE_SYMBOLS = YES;
				SUPPORTED_PLATFORMS = "iphoneos iphonesimulator";
				SWIFT_APPROACHABLE_CONCURRENCY = YES;
				SWIFT_DEFAULT_ACTOR_ISOLATION = MainActor;
				SWIFT_EMIT_LOC_STRINGS = YES;
				SWIFT_UPCOMING_FEATURE_MEMBER_IMPORT_VISIBILITY = YES;
				SWIFT_VERSION = 5.0;
				TARGETED_DEVICE_FAMILY = 1;
			};
			name = Debug;
		};
		54FF56DC2E272C090011485E /* Release */ = {
			isa = XCBuildConfiguration;
			buildSettings = {
				ASSETCATALOG_COMPILER_APPICON_NAME = AppIcon;
				ASSETCATALOG_COMPILER_GLOBAL_ACCENT_COLOR_NAME = AccentColor;
				CODE_SIGN_ENTITLEMENTS = FitnessApp/FitnessApp.entitlements;
				"CODE_SIGN_IDENTITY[sdk=macosx*]" = "Apple Development";
				CODE_SIGN_STYLE = Automatic;
				CURRENT_PROJECT_VERSION = 1;
				DEVELOPMENT_TEAM = 47BY9SGLT7;
				ENABLE_PREVIEWS = YES;
				GENERATE_INFOPLIST_FILE = YES;
				INFOPLIST_FILE = FitnessApp/Info.plist;
				INFOPLIST_KEY_CFBundleDisplayName = ChamaFit;
				INFOPLIST_KEY_NSSupportsLiveActivities = YES;
				"INFOPLIST_KEY_UIApplicationSceneManifest_Generation[sdk=iphoneos*]" = YES;
				"INFOPLIST_KEY_UIApplicationSceneManifest_Generation[sdk=iphonesimulator*]" = YES;
				"INFOPLIST_KEY_UIApplicationSupportsIndirectInputEvents[sdk=iphoneos*]" = YES;
				"INFOPLIST_KEY_UIApplicationSupportsIndirectInputEvents[sdk=iphonesimulator*]" = YES;
				"INFOPLIST_KEY_UILaunchScreen_Generation[sdk=iphoneos*]" = YES;
				"INFOPLIST_KEY_UILaunchScreen_Generation[sdk=iphonesimulator*]" = YES;
				"INFOPLIST_KEY_UIStatusBarStyle[sdk=iphoneos*]" = UIStatusBarStyleDefault;
				"INFOPLIST_KEY_UIStatusBarStyle[sdk=iphonesimulator*]" = UIStatusBarStyleDefault;
				INFOPLIST_KEY_UISupportedInterfaceOrientations_iPhone = UIInterfaceOrientationPortrait;
				IPHONEOS_DEPLOYMENT_TARGET = 26.0;
				LD_RUNPATH_SEARCH_PATHS = "@executable_path/Frameworks";
				MARKETING_VERSION = 2.0;
				PRODUCT_BUNDLE_IDENTIFIER = Mauri.FitnessApp;
				PRODUCT_NAME = "$(TARGET_NAME)";
				REGISTER_APP_GROUPS = YES;
				SDKROOT = iphoneos;
				STRING_CATALOG_GENERATE_SYMBOLS = YES;
				SUPPORTED_PLATFORMS = "iphoneos iphonesimulator";
				SWIFT_APPROACHABLE_CONCURRENCY = YES;
				SWIFT_DEFAULT_ACTOR_ISOLATION = MainActor;
				SWIFT_EMIT_LOC_STRINGS = YES;
				SWIFT_UPCOMING_FEATURE_MEMBER_IMPORT_VISIBILITY = YES;
				SWIFT_VERSION = 5.0;
				TARGETED_DEVICE_FAMILY = 1;
			};
			name = Release;
		};
		54FF56DE2E272C090011485E /* Debug */ = {
			isa = XCBuildConfiguration;
			buildSettings = {
				BUNDLE_LOADER = "$(TEST_HOST)";
				CODE_SIGN_STYLE = Automatic;
				CURRENT_PROJECT_VERSION = 1;
				DEVELOPMENT_TEAM = 47BY9SGLT7;
				GENERATE_INFOPLIST_FILE = YES;
				IPHONEOS_DEPLOYMENT_TARGET = 26.0;
				MARKETING_VERSION = 1.0;
				PRODUCT_BUNDLE_IDENTIFIER = Mauri.FitnessAppTests;
				PRODUCT_NAME = "$(TARGET_NAME)";
				SDKROOT = iphoneos;
				STRING_CATALOG_GENERATE_SYMBOLS = NO;
				SUPPORTED_PLATFORMS = "iphoneos iphonesimulator";
				SWIFT_APPROACHABLE_CONCURRENCY = YES;
				SWIFT_EMIT_LOC_STRINGS = NO;
				SWIFT_UPCOMING_FEATURE_MEMBER_IMPORT_VISIBILITY = YES;
				SWIFT_VERSION = 5.0;
				TARGETED_DEVICE_FAMILY = 1;
				TEST_HOST = "$(BUILT_PRODUCTS_DIR)/FitnessApp.app/$(BUNDLE_EXECUTABLE_FOLDER_PATH)/FitnessApp";
			};
			name = Debug;
		};
		54FF56DF2E272C090011485E /* Release */ = {
			isa = XCBuildConfiguration;
			buildSettings = {
				BUNDLE_LOADER = "$(TEST_HOST)";
				CODE_SIGN_STYLE = Automatic;
				CURRENT_PROJECT_VERSION = 1;
				DEVELOPMENT_TEAM = 47BY9SGLT7;
				GENERATE_INFOPLIST_FILE = YES;
				IPHONEOS_DEPLOYMENT_TARGET = 26.0;
				MARKETING_VERSION = 1.0;
				PRODUCT_BUNDLE_IDENTIFIER = Mauri.FitnessAppTests;
				PRODUCT_NAME = "$(TARGET_NAME)";
				SDKROOT = iphoneos;
				STRING_CATALOG_GENERATE_SYMBOLS = NO;
				SUPPORTED_PLATFORMS = "iphoneos iphonesimulator";
				SWIFT_APPROACHABLE_CONCURRENCY = YES;
				SWIFT_EMIT_LOC_STRINGS = NO;
				SWIFT_UPCOMING_FEATURE_MEMBER_IMPORT_VISIBILITY = YES;
				SWIFT_VERSION = 5.0;
				TARGETED_DEVICE_FAMILY = 1;
				TEST_HOST = "$(BUILT_PRODUCTS_DIR)/FitnessApp.app/$(BUNDLE_EXECUTABLE_FOLDER_PATH)/FitnessApp";
			};
			name = Release;
		};
		54FF56E12E272C090011485E /* Debug */ = {
			isa = XCBuildConfiguration;
			buildSettings = {
				CODE_SIGN_STYLE = Automatic;
				CURRENT_PROJECT_VERSION = 1;
				DEVELOPMENT_TEAM = 47BY9SGLT7;
				GENERATE_INFOPLIST_FILE = YES;
				IPHONEOS_DEPLOYMENT_TARGET = 26.0;
				MARKETING_VERSION = 1.0;
				PRODUCT_BUNDLE_IDENTIFIER = Mauri.FitnessAppUITests;
				PRODUCT_NAME = "$(TARGET_NAME)";
				SDKROOT = iphoneos;
				STRING_CATALOG_GENERATE_SYMBOLS = NO;
				SUPPORTED_PLATFORMS = "iphoneos iphonesimulator";
				SWIFT_APPROACHABLE_CONCURRENCY = YES;
				SWIFT_EMIT_LOC_STRINGS = NO;
				SWIFT_UPCOMING_FEATURE_MEMBER_IMPORT_VISIBILITY = YES;
				SWIFT_VERSION = 5.0;
				TARGETED_DEVICE_FAMILY = 1;
				TEST_TARGET_NAME = FitnessApp;
			};
			name = Debug;
		};
		54FF56E22E272C090011485E /* Release */ = {
			isa = XCBuildConfiguration;
			buildSettings = {
				CODE_SIGN_STYLE = Automatic;
				CURRENT_PROJECT_VERSION = 1;
				DEVELOPMENT_TEAM = 47BY9SGLT7;
				GENERATE_INFOPLIST_FILE = YES;
				IPHONEOS_DEPLOYMENT_TARGET = 26.0;
				MARKETING_VERSION = 1.0;
				PRODUCT_BUNDLE_IDENTIFIER = Mauri.FitnessAppUITests;
				PRODUCT_NAME = "$(TARGET_NAME)";
				SDKROOT = iphoneos;
				STRING_CATALOG_GENERATE_SYMBOLS = NO;
				SUPPORTED_PLATFORMS = "iphoneos iphonesimulator";
				SWIFT_APPROACHABLE_CONCURRENCY = YES;
				SWIFT_EMIT_LOC_STRINGS = NO;
				SWIFT_UPCOMING_FEATURE_MEMBER_IMPORT_VISIBILITY = YES;
				SWIFT_VERSION = 5.0;
				TARGETED_DEVICE_FAMILY = 1;
				TEST_TARGET_NAME = FitnessApp;
			};
			name = Release;
		};
		8D6A9C50114D1C6DC918FCA8 /* Debug */ = {
			isa = XCBuildConfiguration;
			buildSettings = {
				ASSETCATALOG_COMPILER_APPICON_NAME = AppIcon;
				ASSETCATALOG_COMPILER_GLOBAL_ACCENT_COLOR_NAME = AccentColor;
				CODE_SIGN_ENTITLEMENTS = WatchApp/Watch.entitlements;
				CODE_SIGN_STYLE = Automatic;
				CURRENT_PROJECT_VERSION = 1;
				DEVELOPMENT_TEAM = 47BY9SGLT7;
				GENERATE_INFOPLIST_FILE = YES;
				INFOPLIST_KEY_CFBundleDisplayName = ChamaFit;
				INFOPLIST_KEY_NSHealthShareUsageDescription = "ChamaFit lee tu ritmo cardíaco y las calorías durante el entrenamiento para mostrarlos en el reloj.";
				INFOPLIST_KEY_NSHealthUpdateUsageDescription = "ChamaFit guarda cada sesión como entrenamiento de fuerza en Salud para que cuente en tus anillos.";
				INFOPLIST_KEY_WKApplication = YES;
				INFOPLIST_KEY_WKCompanionAppBundleIdentifier = Mauri.FitnessApp;
				MARKETING_VERSION = 2.0;
				PRODUCT_BUNDLE_IDENTIFIER = Mauri.FitnessApp.watchkitapp;
				PRODUCT_NAME = "AppFit Watch";
				SDKROOT = watchos;
				SKIP_INSTALL = YES;
				SWIFT_VERSION = 5.0;
				TARGETED_DEVICE_FAMILY = 4;
				WATCHOS_DEPLOYMENT_TARGET = 11.0;
			};
			name = Debug;
		};
		B129CA754A27309581C1D712 /* Debug */ = {
			isa = XCBuildConfiguration;
			buildSettings = {
				CODE_SIGN_ENTITLEMENTS = ChamaFitWatchWidgets/ChamaFitWatchWidgets.entitlements;
				CODE_SIGN_STYLE = Automatic;
				CURRENT_PROJECT_VERSION = 1;
				DEVELOPMENT_TEAM = 47BY9SGLT7;
				GENERATE_INFOPLIST_FILE = YES;
				INFOPLIST_FILE = ChamaFitWatchWidgets/Info.plist;
				INFOPLIST_KEY_CFBundleDisplayName = ChamaFit;
				LD_RUNPATH_SEARCH_PATHS = (
					"$(inherited)",
					"@executable_path/Frameworks",
					"@executable_path/../../Frameworks",
				);
				MARKETING_VERSION = 2.0;
				PRODUCT_BUNDLE_IDENTIFIER = Mauri.FitnessApp.watchkitapp.ChamaFitWatchWidgets;
				PRODUCT_NAME = "$(TARGET_NAME)";
				SDKROOT = watchos;
				SKIP_INSTALL = YES;
				SUPPORTED_PLATFORMS = "watchos watchsimulator";
				SWIFT_EMIT_LOC_STRINGS = YES;
				SWIFT_VERSION = 5.0;
				TARGETED_DEVICE_FAMILY = 4;
				WATCHOS_DEPLOYMENT_TARGET = 11.0;
			};
			name = Debug;
		};
		C4F3B171A7E3A0F7D8AB0FF4 /* Release */ = {
			isa = XCBuildConfiguration;
			buildSettings = {
				ASSETCATALOG_COMPILER_APPICON_NAME = AppIcon;
				ASSETCATALOG_COMPILER_GLOBAL_ACCENT_COLOR_NAME = AccentColor;
				CODE_SIGN_ENTITLEMENTS = WatchApp/Watch.entitlements;
				CODE_SIGN_STYLE = Automatic;
				CURRENT_PROJECT_VERSION = 1;
				DEVELOPMENT_TEAM = 47BY9SGLT7;
				GENERATE_INFOPLIST_FILE = YES;
				INFOPLIST_KEY_CFBundleDisplayName = ChamaFit;
				INFOPLIST_KEY_NSHealthShareUsageDescription = "ChamaFit lee tu ritmo cardíaco y las calorías durante el entrenamiento para mostrarlos en el reloj.";
				INFOPLIST_KEY_NSHealthUpdateUsageDescription = "ChamaFit guarda cada sesión como entrenamiento de fuerza en Salud para que cuente en tus anillos.";
				INFOPLIST_KEY_WKApplication = YES;
				INFOPLIST_KEY_WKCompanionAppBundleIdentifier = Mauri.FitnessApp;
				MARKETING_VERSION = 2.0;
				PRODUCT_BUNDLE_IDENTIFIER = Mauri.FitnessApp.watchkitapp;
				PRODUCT_NAME = "AppFit Watch";
				SDKROOT = watchos;
				SKIP_INSTALL = YES;
				SWIFT_VERSION = 5.0;
				TARGETED_DEVICE_FAMILY = 4;
				VALIDATE_PRODUCT = YES;
				WATCHOS_DEPLOYMENT_TARGET = 11.0;
			};
			name = Release;
		};
		C80A8D22C7FE9B9C8DEC6360 /* Debug */ = {
			isa = XCBuildConfiguration;
			buildSettings = {
				CLANG_ENABLE_OBJC_WEAK = NO;
				CODE_SIGN_ENTITLEMENTS = ChamaFitWidgets/ChamaFitWidgets.entitlements;
				CODE_SIGN_STYLE = Automatic;
				CURRENT_PROJECT_VERSION = 1;
				DEVELOPMENT_TEAM = 47BY9SGLT7;
				GENERATE_INFOPLIST_FILE = YES;
				INFOPLIST_FILE = ChamaFitWidgets/Info.plist;
				INFOPLIST_KEY_CFBundleDisplayName = ChamaFit;
				INFOPLIST_KEY_NSHumanReadableCopyright = "";
				IPHONEOS_DEPLOYMENT_TARGET = 26.0;
				LD_RUNPATH_SEARCH_PATHS = (
					"$(inherited)",
					"@executable_path/Frameworks",
					"@executable_path/../../Frameworks",
				);
				MARKETING_VERSION = 2.0;
				PRODUCT_BUNDLE_IDENTIFIER = Mauri.FitnessApp.ChamaFitWidgets;
				PRODUCT_NAME = "$(TARGET_NAME)";
				SDKROOT = iphoneos;
				SKIP_INSTALL = YES;
				SUPPORTED_PLATFORMS = "iphoneos iphonesimulator";
				SWIFT_APPROACHABLE_CONCURRENCY = YES;
				SWIFT_DEFAULT_ACTOR_ISOLATION = MainActor;
				SWIFT_EMIT_LOC_STRINGS = YES;
				SWIFT_VERSION = 5.0;
				TARGETED_DEVICE_FAMILY = 1;
			};
			name = Debug;
		};
/* End XCBuildConfiguration section */

/* Begin XCConfigurationList section */
		516B08F838990F4025CCD0AD /* Build configuration list for PBXNativeTarget "ChamaFitWatchWidgets" */ = {
			isa = XCConfigurationList;
			buildConfigurations = (
				277B91841522D5305EE782E0 /* Release */,
				B129CA754A27309581C1D712 /* Debug */,
			);
			defaultConfigurationIsVisible = 0;
			defaultConfigurationName = Release;
		};
		54FF56B42E272C080011485E /* Build configuration list for PBXProject "FitnessApp" */ = {
			isa = XCConfigurationList;
			buildConfigurations = (
				54FF56D82E272C090011485E /* Debug */,
				54FF56D92E272C090011485E /* Release */,
			);
			defaultConfigurationIsVisible = 0;
			defaultConfigurationName = Release;
		};
		54FF56DA2E272C090011485E /* Build configuration list for PBXNativeTarget "FitnessApp" */ = {
			isa = XCConfigurationList;
			buildConfigurations = (
				54FF56DB2E272C090011485E /* Debug */,
				54FF56DC2E272C090011485E /* Release */,
			);
			defaultConfigurationIsVisible = 0;
			defaultConfigurationName = Release;
		};
		54FF56DD2E272C090011485E /* Build configuration list for PBXNativeTarget "FitnessAppTests" */ = {
			isa = XCConfigurationList;
			buildConfigurations = (
				54FF56DE2E272C090011485E /* Debug */,
				54FF56DF2E272C090011485E /* Release */,
			);
			defaultConfigurationIsVisible = 0;
			defaultConfigurationName = Release;
		};
		54FF56E02E272C090011485E /* Build configuration list for PBXNativeTarget "FitnessAppUITests" */ = {
			isa = XCConfigurationList;
			buildConfigurations = (
				54FF56E12E272C090011485E /* Debug */,
				54FF56E22E272C090011485E /* Release */,
			);
			defaultConfigurationIsVisible = 0;
			defaultConfigurationName = Release;
		};
		57500671A7C954B4078E04C8 /* Build configuration list for PBXNativeTarget "AppFit Watch" */ = {
			isa = XCConfigurationList;
			buildConfigurations = (
				C4F3B171A7E3A0F7D8AB0FF4 /* Release */,
				8D6A9C50114D1C6DC918FCA8 /* Debug */,
			);
			defaultConfigurationIsVisible = 0;
			defaultConfigurationName = Release;
		};
		CA8832B507202E98A5772C6C /* Build configuration list for PBXNativeTarget "ChamaFitWidgets" */ = {
			isa = XCConfigurationList;
			buildConfigurations = (
				33E12AA4A0CD4C887A2FB5A4 /* Release */,
				C80A8D22C7FE9B9C8DEC6360 /* Debug */,
			);
			defaultConfigurationIsVisible = 0;
			defaultConfigurationName = Release;
		};
/* End XCConfigurationList section */

/* Begin XCRemoteSwiftPackageReference section */
		BF294AA2A6A34D41CDE07F27 /* XCRemoteSwiftPackageReference "ios-sdk" */ = {
			isa = XCRemoteSwiftPackageReference;
			repositoryURL = "https://github.com/spotify/ios-sdk";
			requirement = {
				kind = upToNextMajorVersion;
				minimumVersion = 5.0.1;
			};
		};
/* End XCRemoteSwiftPackageReference section */

/* Begin XCSwiftPackageProductDependency section */
		4CACB41E9D493C058F4A8F73 /* SpotifyiOS */ = {
			isa = XCSwiftPackageProductDependency;
			package = BF294AA2A6A34D41CDE07F27 /* XCRemoteSwiftPackageReference "ios-sdk" */;
			productName = SpotifyiOS;
		};
/* End XCSwiftPackageProductDependency section */
	};
	rootObject = 54FF56B12E272C080011485E /* Project object */;
}
